
Microsoft Visual Studio Solution File, Format Version 12.00
# Visual Studio Version 16
VisualStudioVersion = 16.0.30517.126
MinimumVisualStudioVersion = 10.0.40219.1
Project("{FAE04EC0-301F-11D3-BF4B-00C04F79EFBC}") = "ISMFirstConsoleProject", "ISMFirstConsoleProject\ISMFirstConsoleProject.csproj", "{75589882-2E3E-4838-ADD6-CC6DB7053597}"
EndProject
Project("{FAE04EC0-301F-11D3-BF4B-00C04F79EFBC}") = "ISMSecondConsoleProject", "ISMSecondConsoleProject\ISMSecondConsoleProject.csproj", "{555242AF-A253-4196-9870-21D9B34B937A}"
EndProject
Global
	GlobalSection(SolutionConfigurationPlatforms) = preSolution
		Debug|Any CPU = Debug|Any CPU
		Release|Any CPU = Release|Any CPU
	EndGlobalSection
	GlobalSection(ProjectConfigurationPlatforms) = postSolution
		{75589882-2E3E-4838-ADD6-CC6DB7053597}.Debug|Any CPU.ActiveCfg = Debug|Any CPU
		{75589882-2E3E-4838-ADD6-CC6DB7053597}.Debug|Any CPU.Build.0 = Debug|Any CPU
		{75589882-2E3E-4838-ADD6-CC6DB7053597}.Release|Any CPU.ActiveCfg = Release|Any CPU
		{75589882-2E3E-4838-ADD6-CC6DB7053597}.Release|Any CPU.Build.0 = Release|Any CPU
		{555242AF-A253-4196-9870-21D9B34B937A}.Debug|Any CPU.ActiveCfg = Debug|Any CPU
		{555242AF-A253-4196-9870-21D9B34B937A}.Debug|Any CPU.Build.0 = Debug|Any CPU
		{555242AF-A253-4196-9870-21D9B34B937A}.Release|Any CPU.ActiveCfg = Release|Any CPU
		{555242AF-A253-4196-9870-21D9B34B937A}.Release|Any CPU.Build.0 = Release|Any CPU
	EndGlobalSection
	GlobalSection(SolutionProperties) = preSolution
		HideSolutionNode = FALSE
	EndGlobalSection
	GlobalSection(ExtensibilityGlobals) = postSolution
		SolutionGuid = {FD9B9375-B048-4C9A-8965-23E8D3423A44}
	EndGlobalSection
EndGlobal
